
Microsoft Visual Studio Solution File, Format Version 12.00
# Visual Studio 15
VisualStudioVersion = 15.0.28010.2041
MinimumVisualStudioVersion = 10.0.40219.1
Project("{FAE04EC0-301F-11D3-BF4B-00C04F79EFBC}") = "Zoughaibandco", "Zoughaibandco\Zoughaibandco.csproj", "{9083EAC3-EABD-40AC-83BA-7EBC01B6FAD7}"
EndProject
Global
	GlobalSection(SolutionConfigurationPlatforms) = preSolution
		Debug|Any CPU = Debug|Any CPU
		Release|Any CPU = Release|Any CPU
	EndGlobalSection
	GlobalSection(ProjectConfigurationPlatforms) = postSolution
		{9083EAC3-EABD-40AC-83BA-7EBC01B6FAD7}.Debug|Any CPU.ActiveCfg = Debug|Any CPU
		{9083EAC3-EABD-40AC-83BA-7EBC01B6FAD7}.Debug|Any CPU.Build.0 = Debug|Any CPU
		{9083EAC3-EABD-40AC-83BA-7EBC01B6FAD7}.Release|Any CPU.ActiveCfg = Release|Any CPU
		{9083EAC3-EABD-40AC-83BA-7EBC01B6FAD7}.Release|Any CPU.Build.0 = Release|Any CPU
	EndGlobalSection
	GlobalSection(SolutionProperties) = preSolution
		HideSolutionNode = FALSE
	EndGlobalSection
	GlobalSection(ExtensibilityGlobals) = postSolution
		SolutionGuid = {1789A2E5-1C16-43F6-A044-2B719345BC76}
	EndGlobalSection
EndGlobal
